
Microsoft Visual Studio Solution File, Format Version 12.00
# Visual Studio Version 16
VisualStudioVersion = 16.0.32126.315
MinimumVisualStudioVersion = 10.0.40219.1
Project("{FAE04EC0-301F-11D3-BF4B-00C04F79EFBC}") = "SafeProgramming", "SafeProgramming\SafeProgramming.csproj", "{CE00DAD7-CFB8-4D04-831B-E4E7DD0AED46}"
EndProject
Project("{FAE04EC0-301F-11D3-BF4B-00C04F79EFBC}") = "SafeDbRequests", "SafeDbRequests\SafeDbRequests.csproj", "{9752B64B-A97F-4410-BCDA-63C6F4F236CB}"
EndProject
Global
	GlobalSection(SolutionConfigurationPlatforms) = preSolution
		Debug|Any CPU = Debug|Any CPU
		Release|Any CPU = Release|Any CPU
	EndGlobalSection
	GlobalSection(ProjectConfigurationPlatforms) = postSolution
		{CE00DAD7-CFB8-4D04-831B-E4E7DD0AED46}.Debug|Any CPU.ActiveCfg = Debug|Any CPU
		{CE00DAD7-CFB8-4D04-831B-E4E7DD0AED46}.Debug|Any CPU.Build.0 = Debug|Any CPU
		{CE00DAD7-CFB8-4D04-831B-E4E7DD0AED46}.Release|Any CPU.ActiveCfg = Release|Any CPU
		{CE00DAD7-CFB8-4D04-831B-E4E7DD0AED46}.Release|Any CPU.Build.0 = Release|Any CPU
		{9752B64B-A97F-4410-BCDA-63C6F4F236CB}.Debug|Any CPU.ActiveCfg = Debug|Any CPU
		{9752B64B-A97F-4410-BCDA-63C6F4F236CB}.Debug|Any CPU.Build.0 = Debug|Any CPU
		{9752B64B-A97F-4410-BCDA-63C6F4F236CB}.Release|Any CPU.ActiveCfg = Release|Any CPU
		{9752B64B-A97F-4410-BCDA-63C6F4F236CB}.Release|Any CPU.Build.0 = Release|Any CPU
	EndGlobalSection
	GlobalSection(SolutionProperties) = preSolution
		HideSolutionNode = FALSE
	EndGlobalSection
	GlobalSection(ExtensibilityGlobals) = postSolution
		SolutionGuid = {1BE5B233-D5D4-4523-AEE3-BE77548EAB33}
	EndGlobalSection
EndGlobal
